
Microsoft Visual Studio Solution File, Format Version 12.00
# Visual Studio Version 17
VisualStudioVersion = 17.10.34916.146
MinimumVisualStudioVersion = 10.0.40219.1
Project("{FAE04EC0-301F-11D3-BF4B-00C04F79EFBC}") = "ExampleUseAzureBlobStorage", "ExampleUseAzureBlobStorage\ExampleUseAzureBlobStorage.csproj", "{CFE6307D-59CE-43BE-861A-EE3F466FF268}"
EndProject
Project("{E53339B2-1760-4266-BCC7-CA923CBCF16C}") = "docker-compose", "docker-compose.dcproj", "{BB6A5387-EA1B-4788-9189-67D7F34E96BC}"
EndProject
Global
	GlobalSection(SolutionConfigurationPlatforms) = preSolution
		Debug|Any CPU = Debug|Any CPU
		Release|Any CPU = Release|Any CPU
	EndGlobalSection
	GlobalSection(ProjectConfigurationPlatforms) = postSolution
		{CFE6307D-59CE-43BE-861A-EE3F466FF268}.Debug|Any CPU.ActiveCfg = Debug|Any CPU
		{CFE6307D-59CE-43BE-861A-EE3F466FF268}.Debug|Any CPU.Build.0 = Debug|Any CPU
		{CFE6307D-59CE-43BE-861A-EE3F466FF268}.Release|Any CPU.ActiveCfg = Release|Any CPU
		{CFE6307D-59CE-43BE-861A-EE3F466FF268}.Release|Any CPU.Build.0 = Release|Any CPU
		{BB6A5387-EA1B-4788-9189-67D7F34E96BC}.Debug|Any CPU.ActiveCfg = Debug|Any CPU
		{BB6A5387-EA1B-4788-9189-67D7F34E96BC}.Debug|Any CPU.Build.0 = Debug|Any CPU
		{BB6A5387-EA1B-4788-9189-67D7F34E96BC}.Release|Any CPU.ActiveCfg = Release|Any CPU
		{BB6A5387-EA1B-4788-9189-67D7F34E96BC}.Release|Any CPU.Build.0 = Release|Any CPU
	EndGlobalSection
	GlobalSection(SolutionProperties) = preSolution
		HideSolutionNode = FALSE
	EndGlobalSection
	GlobalSection(ExtensibilityGlobals) = postSolution
		SolutionGuid = {FCEF9799-B311-4AB7-9249-9C9989CC74D8}
	EndGlobalSection
EndGlobal
